
Microsoft Visual Studio Solution File, Format Version 12.00
# Visual Studio Version 17
VisualStudioVersion = 17.5.002.0
MinimumVisualStudioVersion = 10.0.40219.1
Project("{9A19103F-16F7-4668-BE54-9A1E7A4F7556}") = "GB_Block1Assesment", "GB_Block1Assesment.csproj", "{80EF64E4-7DE7-4AAA-A210-2B57F0AEFEDF}"
EndProject
Global
	GlobalSection(SolutionConfigurationPlatforms) = preSolution
		Debug|Any CPU = Debug|Any CPU
		Release|Any CPU = Release|Any CPU
	EndGlobalSection
	GlobalSection(ProjectConfigurationPlatforms) = postSolution
		{80EF64E4-7DE7-4AAA-A210-2B57F0AEFEDF}.Debug|Any CPU.ActiveCfg = Debug|Any CPU
		{80EF64E4-7DE7-4AAA-A210-2B57F0AEFEDF}.Debug|Any CPU.Build.0 = Debug|Any CPU
		{80EF64E4-7DE7-4AAA-A210-2B57F0AEFEDF}.Release|Any CPU.ActiveCfg = Release|Any CPU
		{80EF64E4-7DE7-4AAA-A210-2B57F0AEFEDF}.Release|Any CPU.Build.0 = Release|Any CPU
	EndGlobalSection
	GlobalSection(SolutionProperties) = preSolution
		HideSolutionNode = FALSE
	EndGlobalSection
	GlobalSection(ExtensibilityGlobals) = postSolution
		SolutionGuid = {B0A5BA18-B6A9-4B84-8181-636C34FDD895}
	EndGlobalSection
EndGlobal
